// !$*UTF8*$!
{
	archiveVersion = 1;
	classes = {
	};
	objectVersion = 46;
	objects = {

/* Begin PBXBuildFile section */
		58143E0E15670A7E00708C16 /* UIKit.framework in Frameworks */ = {isa = PBXBuildFile; fileRef = 58143E0D15670A7E00708C16 /* UIKit.framework */; };
		58143E1015670A7E00708C16 /* Foundation.framework in Frameworks */ = {isa = PBXBuildFile; fileRef = 58143E0F15670A7E00708C16 /* Foundation.framework */; };
		58143E1215670A7E00708C16 /* CoreGraphics.framework in Frameworks */ = {isa = PBXBuildFile; fileRef = 58143E1115670A7E00708C16 /* CoreGraphics.framework */; };
		58143E1815670A7E00708C16 /* InfoPlist.strings in Resources */ = {isa = PBXBuildFile; fileRef = 58143E1615670A7E00708C16 /* InfoPlist.strings */; };
		58143E1A15670A7E00708C16 /* main.m in Sources */ = {isa = PBXBuildFile; fileRef = 58143E1915670A7E00708C16 /* main.m */; };
		58143E1E15670A7E00708C16 /* CalculatorAppDelegate.m in Sources */ = {isa = PBXBuildFile; fileRef = 58143E1D15670A7E00708C16 /* CalculatorAppDelegate.m */; };
		58143E2115670A7E00708C16 /* MainStoryboard.storyboard in Resources */ = {isa = PBXBuildFile; fileRef = 58143E1F15670A7E00708C16 /* MainStoryboard.storyboard */; };
		58143E2415670A7E00708C16 /* CalculatorViewController.m in Sources */ = {isa = PBXBuildFile; fileRef = 58143E2315670A7E00708C16 /* CalculatorViewController.m */; };
		58143E2C1567137000708C16 /* CalculatorBrain.m in Sources */ = {isa = PBXBuildFile; fileRef = 58143E2B1567137000708C16 /* CalculatorBrain.m */; };
/* End PBXBuildFile section */

/* Begin PBXFileReference section */
		58143E0915670A7E00708C16 /* Calculator.app */ = {isa = PBXFileReference; explicitFileType = wrapper.application; includeInIndex = 0; path = Calculator.app; sourceTree = BUILT_PRODUCTS_DIR; };
		58143E0D15670A7E00708C16 /* UIKit.framework */ = {isa = PBXFileReference; lastKnownFileType = wrapper.framework; name = UIKit.framework; path = System/Library/Frameworks/UIKit.framework; sourceTree = SDKROOT; };
		58143E0F15670A7E00708C16 /* Foundation.framework */ = {isa = PBXFileReference; lastKnownFileType = wrapper.framework; name = Foundation.framework; path = System/Library/Frameworks/Foundation.framework; sourceTree = SDKROOT; };
		58143E1115670A7E00708C16 /* CoreGraphics.framework */ = {isa = PBXFileReference; lastKnownFileType = wrapper.framework; name = CoreGraphics.framework; path = System/Library/Frameworks/CoreGraphics.framework; sourceTree = SDKROOT; };
		58143E1515670A7E00708C16 /* Calculator-Info.plist */ = {isa = PBXFileReference; lastKnownFileType = text.plist.xml; path = "Calculator-Info.plist"; sourceTree = "<group>"; };
		58143E1715670A7E00708C16 /* en */ = {isa = PBXFileReference; lastKnownFileType = text.plist.strings; name = en; path = en.lproj/InfoPlist.strings; sourceTree = "<group>"; };
		58143E1915670A7E00708C16 /* main.m */ = {isa = PBXFileReference; lastKnownFileType = sourcecode.c.objc; path = main.m; sourceTree = "<group>"; };
		58143E1B15670A7E00708C16 /* Calculator-Prefix.pch */ = {isa = PBXFileReference; lastKnownFileType = sourcecode.c.h; path = "Calculator-Prefix.pch"; sourceTree = "<group>"; };
		58143E1C15670A7E00708C16 /* CalculatorAppDelegate.h */ = {isa = PBXFileReference; lastKnownFileType = sourcecode.c.h; path = CalculatorAppDelegate.h; sourceTree = "<group>"; };
		58143E1D15670A7E00708C16 /* CalculatorAppDelegate.m */ = {isa = PBXFileReference; lastKnownFileType = sourcecode.c.objc; path = CalculatorAppDelegate.m; sourceTree = "<group>"; };
		58143E2015670A7E00708C16 /* en */ = {isa = PBXFileReference; lastKnownFileType = file.storyboard; name = en; path = en.lproj/MainStoryboard.storyboard; sourceTree = "<group>"; };
		58143E2215670A7E00708C16 /* CalculatorViewController.h */ = {isa = PBXFileReference; lastKnownFileType = sourcecode.c.h; path = CalculatorViewController.h; sourceTree = "<group>"; };
		58143E2315670A7E00708C16 /* CalculatorViewController.m */ = {isa = PBXFileReference; lastKnownFileType = sourcecode.c.objc; path = CalculatorViewController.m; sourceTree = "<group>"; };
		58143E2A1567137000708C16 /* CalculatorBrain.h */ = {isa = PBXFileReference; fileEncoding = 4; lastKnownFileType = sourcecode.c.h; path = CalculatorBrain.h; sourceTree = "<group>"; };
		58143E2B1567137000708C16 /* CalculatorBrain.m */ = {isa = PBXFileReference; fileEncoding = 4; lastKnownFileType = sourcecode.c.objc; path = CalculatorBrain.m; sourceTree = "<group>"; };
/* End PBXFileReference section */

/* Begin PBXFrameworksBuildPhase section */
		58143E0615670A7E00708C16 /* Frameworks */ = {
			isa = PBXFrameworksBuildPhase;
			buildActionMask = 2147483647;
			files = (
				58143E0E15670A7E00708C16 /* UIKit.framework in Frameworks */,
				58143E1015670A7E00708C16 /* Foundation.framework in Frameworks */,
				58143E1215670A7E00708C16 /* CoreGraphics.framework in Frameworks */,
			);
			runOnlyForDeploymentPostprocessing = 0;
		};
/* End PBXFrameworksBuildPhase section */

/* Begin PBXGroup section */
		58143DFE15670A7D00708C16 = {
			isa = PBXGroup;
			children = (
				58143E1315670A7E00708C16 /* Calculator */,
				58143E0C15670A7E00708C16 /* Frameworks */,
				58143E0A15670A7E00708C16 /* Products */,
			);
			sourceTree = "<group>";
		};
		58143E0A15670A7E00708C16 /* Products */ = {
			isa = PBXGroup;
			children = (
				58143E0915670A7E00708C16 /* Calculator.app */,
			);
			name = Products;
			sourceTree = "<group>";
		};
		58143E0C15670A7E00708C16 /* Frameworks */ = {
			isa = PBXGroup;
			children = (
				58143E0D15670A7E00708C16 /* UIKit.framework */,
				58143E0F15670A7E00708C16 /* Foundation.framework */,
				58143E1115670A7E00708C16 /* CoreGraphics.framework */,
			);
			name = Frameworks;
			sourceTree = "<group>";
		};
		58143E1315670A7E00708C16 /* Calculator */ = {
			isa = PBXGroup;
			children = (
				58143E1C15670A7E00708C16 /* CalculatorAppDelegate.h */,
				58143E1D15670A7E00708C16 /* CalculatorAppDelegate.m */,
				58143E1F15670A7E00708C16 /* MainStoryboard.storyboard */,
				58143E2A1567137000708C16 /* CalculatorBrain.h */,
				58143E2B1567137000708C16 /* CalculatorBrain.m */,
				58143E2215670A7E00708C16 /* CalculatorViewController.h */,
				58143E2315670A7E00708C16 /* CalculatorViewController.m */,
				58143E1415670A7E00708C16 /* Supporting Files */,
			);
			path = Calculator;
			sourceTree = "<group>";
		};
		58143E1415670A7E00708C16 /* Supporting Files */ = {
			isa = PBXGroup;
			children = (
				58143E1515670A7E00708C16 /* Calculator-Info.plist */,
				58143E1615670A7E00708C16 /* InfoPlist.strings */,
				58143E1915670A7E00708C16 /* main.m */,
				58143E1B15670A7E00708C16 /* Calculator-Prefix.pch */,
			);
			name = "Supporting Files";
			sourceTree = "<group>";
		};
/* End PBXGroup section */

/* Begin PBXNativeTarget section */
		58143E0815670A7E00708C16 /* Calculator */ = {
			isa = PBXNativeTarget;
			buildConfigurationList = 58143E2715670A7E00708C16 /* Build configuration list for PBXNativeTarget "Calculator" */;
			buildPhases = (
				58143E0515670A7E00708C16 /* Sources */,
				58143E0615670A7E00708C16 /* Frameworks */,
				58143E0715670A7E00708C16 /* Resources */,
			);
			buildRules = (
			);
			dependencies = (
			);
			name = Calculator;
			productName = Calculator;
			productReference = 58143E0915670A7E00708C16 /* Calculator.app */;
			productType = "com.apple.product-type.application";
		};
/* End PBXNativeTarget section */

/* Begin PBXProject section */
		58143E0015670A7D00708C16 /* Project object */ = {
			isa = PBXProject;
			attributes = {
				CLASSPREFIX = Calculator;
				LastUpgradeCheck = 0430;
				ORGANIZATIONNAME = "Gymnase de Morges";
			};
			buildConfigurationList = 58143E0315670A7D00708C16 /* Build configuration list for PBXProject "Calculator" */;
			compatibilityVersion = "Xcode 3.2";
			developmentRegion = English;
			hasScannedForEncodings = 0;
			knownRegions = (
				en,
			);
			mainGroup = 58143DFE15670A7D00708C16;
			productRefGroup = 58143E0A15670A7E00708C16 /* Products */;
			projectDirPath = "";
			projectRoot = "";
			targets = (
				58143E0815670A7E00708C16 /* Calculator */,
			);
		};
/* End PBXProject section */

/* Begin PBXResourcesBuildPhase section */
		58143E0715670A7E00708C16 /* Resources */ = {
			isa = PBXResourcesBuildPhase;
			buildActionMask = 2147483647;
			files = (
				58143E1815670A7E00708C16 /* InfoPlist.strings in Resources */,
				58143E2115670A7E00708C16 /* MainStoryboard.storyboard in Resources */,
			);
			runOnlyForDeploymentPostprocessing = 0;
		};
/* End PBXResourcesBuildPhase section */

/* Begin PBXSourcesBuildPhase section */
		58143E0515670A7E00708C16 /* Sources */ = {
			isa = PBXSourcesBuildPhase;
			buildActionMask = 2147483647;
			files = (
				58143E1A15670A7E00708C16 /* main.m in Sources */,
				58143E1E15670A7E00708C16 /* CalculatorAppDelegate.m in Sources */,
				58143E2415670A7E00708C16 /* CalculatorViewController.m in Sources */,
				58143E2C1567137000708C16 /* CalculatorBrain.m in Sources */,
			);
			runOnlyForDeploymentPostprocessing = 0;
		};
/* End PBXSourcesBuildPhase section */

/* Begin PBXVariantGroup section */
		58143E1615670A7E00708C16 /* InfoPlist.strings */ = {
			isa = PBXVariantGroup;
			children = (
				58143E1715670A7E00708C16 /* en */,
			);
			name = InfoPlist.strings;
			sourceTree = "<group>";
		};
		58143E1F15670A7E00708C16 /* MainStoryboard.storyboard */ = {
			isa = PBXVariantGroup;
			children = (
				58143E2015670A7E00708C16 /* en */,
			);
			name = MainStoryboard.storyboard;
			sourceTree = "<group>";
		};
/* End PBXVariantGroup section */

/* Begin XCBuildConfiguration section */
		58143E2515670A7E00708C16 /* Debug */ = {
			isa = XCBuildConfiguration;
			buildSettings = {
				ALWAYS_SEARCH_USER_PATHS = NO;
				ARCHS = "$(ARCHS_STANDARD_32_BIT)";
				CLANG_ENABLE_OBJC_ARC = YES;
				"CODE_SIGN_IDENTITY[sdk=iphoneos*]" = "iPhone Developer";
				COPY_PHASE_STRIP = NO;
				GCC_C_LANGUAGE_STANDARD = gnu99;
				GCC_DYNAMIC_NO_PIC = NO;
				GCC_OPTIMIZATION_LEVEL = 0;
				GCC_PREPROCESSOR_DEFINITIONS = (
					"DEBUG=1",
					"$(inherited)",
				);
				GCC_SYMBOLS_PRIVATE_EXTERN = NO;
				GCC_VERSION = com.apple.compilers.llvm.clang.1_0;
				GCC_WARN_ABOUT_RETURN_TYPE = YES;
				GCC_WARN_UNINITIALIZED_AUTOS = YES;
				GCC_WARN_UNUSED_VARIABLE = YES;
				IPHONEOS_DEPLOYMENT_TARGET = 5.1;
				SDKROOT = iphoneos;
			};
			name = Debug;
		};
		58143E2615670A7E00708C16 /* Release */ = {
			isa = XCBuildConfiguration;
			buildSettings = {
				ALWAYS_SEARCH_USER_PATHS = NO;
				ARCHS = "$(ARCHS_STANDARD_32_BIT)";
				CLANG_ENABLE_OBJC_ARC = YES;
				"CODE_SIGN_IDENTITY[sdk=iphoneos*]" = "iPhone Developer";
				COPY_PHASE_STRIP = YES;
				GCC_C_LANGUAGE_STANDARD = gnu99;
				GCC_VERSION = com.apple.compilers.llvm.clang.1_0;
				GCC_WARN_ABOUT_RETURN_TYPE = YES;
				GCC_WARN_UNINITIALIZED_AUTOS = YES;
				GCC_WARN_UNUSED_VARIABLE = YES;
				IPHONEOS_DEPLOYMENT_TARGET = 5.1;
				OTHER_CFLAGS = "-DNS_BLOCK_ASSERTIONS=1";
				SDKROOT = iphoneos;
				VALIDATE_PRODUCT = YES;
			};
			name = Release;
		};
		58143E2815670A7E00708C16 /* Debug */ = {
			isa = XCBuildConfiguration;
			buildSettings = {
				GCC_PRECOMPILE_PREFIX_HEADER = YES;
				GCC_PREFIX_HEADER = "Calculator/Calculator-Prefix.pch";
				INFOPLIST_FILE = "Calculator/Calculator-Info.plist";
				PRODUCT_NAME = "$(TARGET_NAME)";
				WRAPPER_EXTENSION = app;
			};
			name = Debug;
		};
		58143E2915670A7E00708C16 /* Release */ = {
			isa = XCBuildConfiguration;
			buildSettings = {
				GCC_PRECOMPILE_PREFIX_HEADER = YES;
				GCC_PREFIX_HEADER = "Calculator/Calculator-Prefix.pch";
				INFOPLIST_FILE = "Calculator/Calculator-Info.plist";
				PRODUCT_NAME = "$(TARGET_NAME)";
				WRAPPER_EXTENSION = app;
			};
			name = Release;
		};
/* End XCBuildConfiguration section */

/* Begin XCConfigurationList section */
		58143E0315670A7D00708C16 /* Build configuration list for PBXProject "Calculator" */ = {
			isa = XCConfigurationList;
			buildConfigurations = (
				58143E2515670A7E00708C16 /* Debug */,
				58143E2615670A7E00708C16 /* Release */,
			);
			defaultConfigurationIsVisible = 0;
			defaultConfigurationName = Release;
		};
		58143E2715670A7E00708C16 /* Build configuration list for PBXNativeTarget "Calculator" */ = {
			isa = XCConfigurationList;
			buildConfigurations = (
				58143E2815670A7E00708C16 /* Debug */,
				58143E2915670A7E00708C16 /* Release */,
			);
			defaultConfigurationIsVisible = 0;
		};
/* End XCConfigurationList section */
	};
	rootObject = 58143E0015670A7D00708C16 /* Project object */;
}
